// !$*UTF8*$!
{
	archiveVersion = 1;
	classes = {
	};
	objectVersion = 55;
	objects = {

/* Begin PBXBuildFile section */
		0C1F5CA72809F05400D44A17 /* main.swift in Sources */ = {isa = PBXBuildFile; fileRef = 0C1F5CA62809F05400D44A17 /* main.swift */; };
		0C1F5CB62809FC1A00D44A17 /* DEPNotify.swift in Sources */ = {isa = PBXBuildFile; fileRef = 0C1F5CB52809FC1A00D44A17 /* DEPNotify.swift */; };
		0CAFF7D2280B5DFC007CFFCF /* Version in Frameworks */ = {isa = PBXBuildFile; productRef = 0CAFF7D1280B5DFC007CFFCF /* Version */; };
		0CAFF7D5280B5E46007CFFCF /* Files in Frameworks */ = {isa = PBXBuildFile; productRef = 0CAFF7D4280B5E46007CFFCF /* Files */; };
		0CAFF7D8280B5E58007CFFCF /* ShellOut in Frameworks */ = {isa = PBXBuildFile; productRef = 0CAFF7D7280B5E58007CFFCF /* ShellOut */; };
		0CAFF7DA280B6133007CFFCF /* Configuration.swift in Sources */ = {isa = PBXBuildFile; fileRef = 0CAFF7D9280B6133007CFFCF /* Configuration.swift */; };
		0CEB3BA8281AD98F00DED064 /* Caffeinate.swift in Sources */ = {isa = PBXBuildFile; fileRef = 0CEB3BA7281AD98F00DED064 /* Caffeinate.swift */; };
/* End PBXBuildFile section */

/* Begin PBXCopyFilesBuildPhase section */
		0C1F5CA12809F05400D44A17 /* CopyFiles */ = {
			isa = PBXCopyFilesBuildPhase;
			buildActionMask = 2147483647;
			dstPath = /usr/share/man/man1/;
			dstSubfolderSpec = 0;
			files = (
			);
			runOnlyForDeploymentPostprocessing = 1;
		};
/* End PBXCopyFilesBuildPhase section */

/* Begin PBXFileReference section */
		0C1F5CA32809F05400D44A17 /* depnotify_commander */ = {isa = PBXFileReference; explicitFileType = "compiled.mach-o.executable"; includeInIndex = 0; path = depnotify_commander; sourceTree = BUILT_PRODUCTS_DIR; };
		0C1F5CA62809F05400D44A17 /* main.swift */ = {isa = PBXFileReference; lastKnownFileType = sourcecode.swift; path = main.swift; sourceTree = "<group>"; };
		0C1F5CB52809FC1A00D44A17 /* DEPNotify.swift */ = {isa = PBXFileReference; lastKnownFileType = sourcecode.swift; path = DEPNotify.swift; sourceTree = "<group>"; };
		0C1F5CB8280B1EB200D44A17 /* Jamf Connect - PPPC.mobileconfig */ = {isa = PBXFileReference; lastKnownFileType = text.xml; path = "Jamf Connect - PPPC.mobileconfig"; sourceTree = "<group>"; };
		0C1F5CB9280B1F6800D44A17 /* README.md */ = {isa = PBXFileReference; lastKnownFileType = net.daringfireball.markdown; path = README.md; sourceTree = "<group>"; };
		0C1F5CBA280B20C600D44A17 /* README.md */ = {isa = PBXFileReference; lastKnownFileType = net.daringfireball.markdown; path = README.md; sourceTree = "<group>"; };
		0C1F5CBB280B290E00D44A17 /* Jamf Connect - Authchanger.mobileconfig */ = {isa = PBXFileReference; fileEncoding = 4; lastKnownFileType = text.xml; path = "Jamf Connect - Authchanger.mobileconfig"; sourceTree = "<group>"; };
		0C1F5CBC280B371D00D44A17 /* DEPNotify - Settings (Example).mobileconfig */ = {isa = PBXFileReference; fileEncoding = 4; lastKnownFileType = text.xml; path = "DEPNotify - Settings (Example).mobileconfig"; sourceTree = "<group>"; };
		0C1F5CBE280B4A3500D44A17 /* depnotify_commander.entitlements */ = {isa = PBXFileReference; lastKnownFileType = text.plist.entitlements; path = depnotify_commander.entitlements; sourceTree = "<group>"; };
		0C1F5CBF280B4AA800D44A17 /* Info.plist */ = {isa = PBXFileReference; lastKnownFileType = text.plist.xml; path = Info.plist; sourceTree = "<group>"; };
		0C9C70BC2837CB9600AE7EA9 /* com.allcovered.depnotify-commander.json */ = {isa = PBXFileReference; lastKnownFileType = text.json; path = "com.allcovered.depnotify-commander.json"; sourceTree = "<group>"; };
		0CAFF7D9280B6133007CFFCF /* Configuration.swift */ = {isa = PBXFileReference; lastKnownFileType = sourcecode.swift; path = Configuration.swift; sourceTree = "<group>"; };
		0CAFF7DB280DC518007CFFCF /* self_service.sh */ = {isa = PBXFileReference; lastKnownFileType = text.script.sh; path = self_service.sh; sourceTree = "<group>"; };
		0CEB3BA7281AD98F00DED064 /* Caffeinate.swift */ = {isa = PBXFileReference; lastKnownFileType = sourcecode.swift; path = Caffeinate.swift; sourceTree = "<group>"; };
/* End PBXFileReference section */

/* Begin PBXFrameworksBuildPhase section */
		0C1F5CA02809F05400D44A17 /* Frameworks */ = {
			isa = PBXFrameworksBuildPhase;
			buildActionMask = 2147483647;
			files = (
				0CAFF7D5280B5E46007CFFCF /* Files in Frameworks */,
				0CAFF7D2280B5DFC007CFFCF /* Version in Frameworks */,
				0CAFF7D8280B5E58007CFFCF /* ShellOut in Frameworks */,
			);
			runOnlyForDeploymentPostprocessing = 0;
		};
/* End PBXFrameworksBuildPhase section */

/* Begin PBXGroup section */
		0C1F5C9A2809F05400D44A17 = {
			isa = PBXGroup;
			children = (
				0C1F5CBA280B20C600D44A17 /* README.md */,
				0C1F5CA52809F05400D44A17 /* DEPNotifyCommander */,
				0C1F5CB7280B1E3100D44A17 /* JamfProfiles */,
				0C1F5CA42809F05400D44A17 /* Products */,
			);
			sourceTree = "<group>";
		};
		0C1F5CA42809F05400D44A17 /* Products */ = {
			isa = PBXGroup;
			children = (
				0C1F5CA32809F05400D44A17 /* depnotify_commander */,
			);
			name = Products;
			sourceTree = "<group>";
		};
		0C1F5CA52809F05400D44A17 /* DEPNotifyCommander */ = {
			isa = PBXGroup;
			children = (
				0C1F5CBE280B4A3500D44A17 /* depnotify_commander.entitlements */,
				0C1F5CBF280B4AA800D44A17 /* Info.plist */,
				0C1F5CA62809F05400D44A17 /* main.swift */,
				0C1F5CB52809FC1A00D44A17 /* DEPNotify.swift */,
				0CAFF7D9280B6133007CFFCF /* Configuration.swift */,
				0CEB3BA7281AD98F00DED064 /* Caffeinate.swift */,
			);
			path = DEPNotifyCommander;
			sourceTree = "<group>";
		};
		0C1F5CB7280B1E3100D44A17 /* JamfProfiles */ = {
			isa = PBXGroup;
			children = (
				0CAFF7DB280DC518007CFFCF /* self_service.sh */,
				0C1F5CB9280B1F6800D44A17 /* README.md */,
				0C1F5CB8280B1EB200D44A17 /* Jamf Connect - PPPC.mobileconfig */,
				0C1F5CBB280B290E00D44A17 /* Jamf Connect - Authchanger.mobileconfig */,
				0C1F5CBC280B371D00D44A17 /* DEPNotify - Settings (Example).mobileconfig */,
				0C9C70BC2837CB9600AE7EA9 /* com.allcovered.depnotify-commander.json */,
			);
			path = JamfProfiles;
			sourceTree = "<group>";
		};
/* End PBXGroup section */

/* Begin PBXNativeTarget section */
		0C1F5CA22809F05400D44A17 /* depnotify_commander */ = {
			isa = PBXNativeTarget;
			buildConfigurationList = 0C1F5CAA2809F05400D44A17 /* Build configuration list for PBXNativeTarget "depnotify_commander" */;
			buildPhases = (
				0C1F5C9F2809F05400D44A17 /* Sources */,
				0C1F5CA02809F05400D44A17 /* Frameworks */,
				0C1F5CA12809F05400D44A17 /* CopyFiles */,
			);
			buildRules = (
			);
			dependencies = (
			);
			name = depnotify_commander;
			packageProductDependencies = (
				0CAFF7D1280B5DFC007CFFCF /* Version */,
				0CAFF7D4280B5E46007CFFCF /* Files */,
				0CAFF7D7280B5E58007CFFCF /* ShellOut */,
			);
			productName = NotifyCommander;
			productReference = 0C1F5CA32809F05400D44A17 /* depnotify_commander */;
			productType = "com.apple.product-type.tool";
		};
/* End PBXNativeTarget section */

/* Begin PBXProject section */
		0C1F5C9B2809F05400D44A17 /* Project object */ = {
			isa = PBXProject;
			attributes = {
				BuildIndependentTargetsInParallel = 1;
				LastSwiftUpdateCheck = 1330;
				LastUpgradeCheck = 1330;
				TargetAttributes = {
					0C1F5CA22809F05400D44A17 = {
						CreatedOnToolsVersion = 13.3.1;
					};
				};
			};
			buildConfigurationList = 0C1F5C9E2809F05400D44A17 /* Build configuration list for PBXProject "DEPNotifyCommander" */;
			compatibilityVersion = "Xcode 13.0";
			developmentRegion = en;
			hasScannedForEncodings = 0;
			knownRegions = (
				en,
				Base,
			);
			mainGroup = 0C1F5C9A2809F05400D44A17;
			packageReferences = (
				0CAFF7D0280B5DFC007CFFCF /* XCRemoteSwiftPackageReference "Version" */,
				0CAFF7D3280B5E46007CFFCF /* XCRemoteSwiftPackageReference "files" */,
				0CAFF7D6280B5E58007CFFCF /* XCRemoteSwiftPackageReference "ShellOut" */,
			);
			productRefGroup = 0C1F5CA42809F05400D44A17 /* Products */;
			projectDirPath = "";
			projectRoot = "";
			targets = (
				0C1F5CA22809F05400D44A17 /* depnotify_commander */,
			);
		};
/* End PBXProject section */

/* Begin PBXSourcesBuildPhase section */
		0C1F5C9F2809F05400D44A17 /* Sources */ = {
			isa = PBXSourcesBuildPhase;
			buildActionMask = 2147483647;
			files = (
				0CAFF7DA280B6133007CFFCF /* Configuration.swift in Sources */,
				0CEB3BA8281AD98F00DED064 /* Caffeinate.swift in Sources */,
				0C1F5CB62809FC1A00D44A17 /* DEPNotify.swift in Sources */,
				0C1F5CA72809F05400D44A17 /* main.swift in Sources */,
			);
			runOnlyForDeploymentPostprocessing = 0;
		};
/* End PBXSourcesBuildPhase section */

/* Begin XCBuildConfiguration section */
		0C1F5CA82809F05400D44A17 /* Debug */ = {
			isa = XCBuildConfiguration;
			buildSettings = {
				ALWAYS_SEARCH_USER_PATHS = NO;
				CLANG_ANALYZER_NONNULL = YES;
				CLANG_ANALYZER_NUMBER_OBJECT_CONVERSION = YES_AGGRESSIVE;
				CLANG_CXX_LANGUAGE_STANDARD = "gnu++17";
				CLANG_ENABLE_MODULES = YES;
				CLANG_ENABLE_OBJC_ARC = YES;
				CLANG_ENABLE_OBJC_WEAK = YES;
				CLANG_WARN_BLOCK_CAPTURE_AUTORELEASING = YES;
				CLANG_WARN_BOOL_CONVERSION = YES;
				CLANG_WARN_COMMA = YES;
				CLANG_WARN_CONSTANT_CONVERSION = YES;
				CLANG_WARN_DEPRECATED_OBJC_IMPLEMENTATIONS = YES;
				CLANG_WARN_DIRECT_OBJC_ISA_USAGE = YES_ERROR;
				CLANG_WARN_DOCUMENTATION_COMMENTS = YES;
				CLANG_WARN_EMPTY_BODY = YES;
				CLANG_WARN_ENUM_CONVERSION = YES;
				CLANG_WARN_INFINITE_RECURSION = YES;
				CLANG_WARN_INT_CONVERSION = YES;
				CLANG_WARN_NON_LITERAL_NULL_CONVERSION = YES;
				CLANG_WARN_OBJC_IMPLICIT_RETAIN_SELF = YES;
				CLANG_WARN_OBJC_LITERAL_CONVERSION = YES;
				CLANG_WARN_OBJC_ROOT_CLASS = YES_ERROR;
				CLANG_WARN_QUOTED_INCLUDE_IN_FRAMEWORK_HEADER = YES;
				CLANG_WARN_RANGE_LOOP_ANALYSIS = YES;
				CLANG_WARN_STRICT_PROTOTYPES = YES;
				CLANG_WARN_SUSPICIOUS_MOVE = YES;
				CLANG_WARN_UNGUARDED_AVAILABILITY = YES_AGGRESSIVE;
				CLANG_WARN_UNREACHABLE_CODE = YES;
				CLANG_WARN__DUPLICATE_METHOD_MATCH = YES;
				COPY_PHASE_STRIP = NO;
				DEBUG_INFORMATION_FORMAT = dwarf;
				ENABLE_STRICT_OBJC_MSGSEND = YES;
				ENABLE_TESTABILITY = YES;
				GCC_C_LANGUAGE_STANDARD = gnu11;
				GCC_DYNAMIC_NO_PIC = NO;
				GCC_NO_COMMON_BLOCKS = YES;
				GCC_OPTIMIZATION_LEVEL = 0;
				GCC_PREPROCESSOR_DEFINITIONS = (
					"DEBUG=1",
					"$(inherited)",
				);
				GCC_WARN_64_TO_32_BIT_CONVERSION = YES;
				GCC_WARN_ABOUT_RETURN_TYPE = YES_ERROR;
				GCC_WARN_UNDECLARED_SELECTOR = YES;
				GCC_WARN_UNINITIALIZED_AUTOS = YES_AGGRESSIVE;
				GCC_WARN_UNUSED_FUNCTION = YES;
				GCC_WARN_UNUSED_VARIABLE = YES;
				MACOSX_DEPLOYMENT_TARGET = 12.3;
				MTL_ENABLE_DEBUG_INFO = INCLUDE_SOURCE;
				MTL_FAST_MATH = YES;
				ONLY_ACTIVE_ARCH = YES;
				SDKROOT = macosx;
				SWIFT_ACTIVE_COMPILATION_CONDITIONS = DEBUG;
				SWIFT_OPTIMIZATION_LEVEL = "-Onone";
			};
			name = Debug;
		};
		0C1F5CA92809F05400D44A17 /* Release */ = {
			isa = XCBuildConfiguration;
			buildSettings = {
				ALWAYS_SEARCH_USER_PATHS = NO;
				CLANG_ANALYZER_NONNULL = YES;
				CLANG_ANALYZER_NUMBER_OBJECT_CONVERSION = YES_AGGRESSIVE;
				CLANG_CXX_LANGUAGE_STANDARD = "gnu++17";
				CLANG_ENABLE_MODULES = YES;
				CLANG_ENABLE_OBJC_ARC = YES;
				CLANG_ENABLE_OBJC_WEAK = YES;
				CLANG_WARN_BLOCK_CAPTURE_AUTORELEASING = YES;
				CLANG_WARN_BOOL_CONVERSION = YES;
				CLANG_WARN_COMMA = YES;
				CLANG_WARN_CONSTANT_CONVERSION = YES;
				CLANG_WARN_DEPRECATED_OBJC_IMPLEMENTATIONS = YES;
				CLANG_WARN_DIRECT_OBJC_ISA_USAGE = YES_ERROR;
				CLANG_WARN_DOCUMENTATION_COMMENTS = YES;
				CLANG_WARN_EMPTY_BODY = YES;
				CLANG_WARN_ENUM_CONVERSION = YES;
				CLANG_WARN_INFINITE_RECURSION = YES;
				CLANG_WARN_INT_CONVERSION = YES;
				CLANG_WARN_NON_LITERAL_NULL_CONVERSION = YES;
				CLANG_WARN_OBJC_IMPLICIT_RETAIN_SELF = YES;
				CLANG_WARN_OBJC_LITERAL_CONVERSION = YES;
				CLANG_WARN_OBJC_ROOT_CLASS = YES_ERROR;
				CLANG_WARN_QUOTED_INCLUDE_IN_FRAMEWORK_HEADER = YES;
				CLANG_WARN_RANGE_LOOP_ANALYSIS = YES;
				CLANG_WARN_STRICT_PROTOTYPES = YES;
				CLANG_WARN_SUSPICIOUS_MOVE = YES;
				CLANG_WARN_UNGUARDED_AVAILABILITY = YES_AGGRESSIVE;
				CLANG_WARN_UNREACHABLE_CODE = YES;
				CLANG_WARN__DUPLICATE_METHOD_MATCH = YES;
				COPY_PHASE_STRIP = NO;
				DEBUG_INFORMATION_FORMAT = "dwarf-with-dsym";
				ENABLE_NS_ASSERTIONS = NO;
				ENABLE_STRICT_OBJC_MSGSEND = YES;
				GCC_C_LANGUAGE_STANDARD = gnu11;
				GCC_NO_COMMON_BLOCKS = YES;
				GCC_WARN_64_TO_32_BIT_CONVERSION = YES;
				GCC_WARN_ABOUT_RETURN_TYPE = YES_ERROR;
				GCC_WARN_UNDECLARED_SELECTOR = YES;
				GCC_WARN_UNINITIALIZED_AUTOS = YES_AGGRESSIVE;
				GCC_WARN_UNUSED_FUNCTION = YES;
				GCC_WARN_UNUSED_VARIABLE = YES;
				MACOSX_DEPLOYMENT_TARGET = 12.3;
				MTL_ENABLE_DEBUG_INFO = NO;
				MTL_FAST_MATH = YES;
				SDKROOT = macosx;
				SWIFT_COMPILATION_MODE = wholemodule;
				SWIFT_OPTIMIZATION_LEVEL = "-O";
			};
			name = Release;
		};
		0C1F5CAB2809F05400D44A17 /* Debug */ = {
			isa = XCBuildConfiguration;
			buildSettings = {
				CODE_SIGN_ENTITLEMENTS = DEPNotifyCommander/depnotify_commander.entitlements;
				CODE_SIGN_IDENTITY = "Apple Development";
				CODE_SIGN_STYLE = Automatic;
				CREATE_INFOPLIST_SECTION_IN_BINARY = YES;
				CURRENT_PROJECT_VERSION = 1.0.8;
				DEVELOPMENT_TEAM = L48NM5T974;
				ENABLE_HARDENED_RUNTIME = YES;
				INFOPLIST_FILE = DEPNotifyCommander/Info.plist;
				MACOSX_DEPLOYMENT_TARGET = 11.0;
				MARKETING_VERSION = 1.0.8;
				PRODUCT_BUNDLE_IDENTIFIER = "com.allcovered.depnotify-commander";
				PRODUCT_NAME = "$(TARGET_NAME)";
				PROVISIONING_PROFILE_SPECIFIER = "";
				SWIFT_VERSION = 5.0;
			};
			name = Debug;
		};
		0C1F5CAC2809F05400D44A17 /* Release */ = {
			isa = XCBuildConfiguration;
			buildSettings = {
				CODE_SIGN_ENTITLEMENTS = DEPNotifyCommander/depnotify_commander.entitlements;
				CODE_SIGN_IDENTITY = "Apple Development";
				CODE_SIGN_STYLE = Automatic;
				CREATE_INFOPLIST_SECTION_IN_BINARY = YES;
				CURRENT_PROJECT_VERSION = 1.0.8;
				DEVELOPMENT_TEAM = L48NM5T974;
				ENABLE_HARDENED_RUNTIME = YES;
				INFOPLIST_FILE = DEPNotifyCommander/Info.plist;
				MACOSX_DEPLOYMENT_TARGET = 11.0;
				MARKETING_VERSION = 1.0.8;
				PRODUCT_BUNDLE_IDENTIFIER = "com.allcovered.depnotify-commander";
				PRODUCT_NAME = "$(TARGET_NAME)";
				PROVISIONING_PROFILE_SPECIFIER = "";
				SWIFT_VERSION = 5.0;
			};
			name = Release;
		};
/* End XCBuildConfiguration section */

/* Begin XCConfigurationList section */
		0C1F5C9E2809F05400D44A17 /* Build configuration list for PBXProject "DEPNotifyCommander" */ = {
			isa = XCConfigurationList;
			buildConfigurations = (
				0C1F5CA82809F05400D44A17 /* Debug */,
				0C1F5CA92809F05400D44A17 /* Release */,
			);
			defaultConfigurationIsVisible = 0;
			defaultConfigurationName = Release;
		};
		0C1F5CAA2809F05400D44A17 /* Build configuration list for PBXNativeTarget "depnotify_commander" */ = {
			isa = XCConfigurationList;
			buildConfigurations = (
				0C1F5CAB2809F05400D44A17 /* Debug */,
				0C1F5CAC2809F05400D44A17 /* Release */,
			);
			defaultConfigurationIsVisible = 0;
			defaultConfigurationName = Release;
		};
/* End XCConfigurationList section */

/* Begin XCRemoteSwiftPackageReference section */
		0CAFF7D0280B5DFC007CFFCF /* XCRemoteSwiftPackageReference "Version" */ = {
			isa = XCRemoteSwiftPackageReference;
			repositoryURL = "https://github.com/mxcl/Version.git";
			requirement = {
				kind = upToNextMajorVersion;
				minimumVersion = 2.0.0;
			};
		};
		0CAFF7D3280B5E46007CFFCF /* XCRemoteSwiftPackageReference "files" */ = {
			isa = XCRemoteSwiftPackageReference;
			repositoryURL = "https://github.com/JohnSundell/files.git";
			requirement = {
				kind = upToNextMajorVersion;
				minimumVersion = 4.0.0;
			};
		};
		0CAFF7D6280B5E58007CFFCF /* XCRemoteSwiftPackageReference "ShellOut" */ = {
			isa = XCRemoteSwiftPackageReference;
			repositoryURL = "https://github.com/JohnSundell/ShellOut.git";
			requirement = {
				kind = upToNextMajorVersion;
				minimumVersion = 2.0.0;
			};
		};
/* End XCRemoteSwiftPackageReference section */

/* Begin XCSwiftPackageProductDependency section */
		0CAFF7D1280B5DFC007CFFCF /* Version */ = {
			isa = XCSwiftPackageProductDependency;
			package = 0CAFF7D0280B5DFC007CFFCF /* XCRemoteSwiftPackageReference "Version" */;
			productName = Version;
		};
		0CAFF7D4280B5E46007CFFCF /* Files */ = {
			isa = XCSwiftPackageProductDependency;
			package = 0CAFF7D3280B5E46007CFFCF /* XCRemoteSwiftPackageReference "files" */;
			productName = Files;
		};
		0CAFF7D7280B5E58007CFFCF /* ShellOut */ = {
			isa = XCSwiftPackageProductDependency;
			package = 0CAFF7D6280B5E58007CFFCF /* XCRemoteSwiftPackageReference "ShellOut" */;
			productName = ShellOut;
		};
/* End XCSwiftPackageProductDependency section */
	};
	rootObject = 0C1F5C9B2809F05400D44A17 /* Project object */;
}
